
Microsoft Visual Studio Solution File, Format Version 12.00
# Visual Studio Version 17
VisualStudioVersion = 17.10.35027.167
MinimumVisualStudioVersion = 10.0.40219.1
Project("{FAE04EC0-301F-11D3-BF4B-00C04F79EFBC}") = "WebsiteBlockerApp", "WebsiteBlockerApp\WebsiteBlockerApp.csproj", "{12B6CFB0-EC5F-4A57-A2E4-250D836CAEF5}"
EndProject
Project("{54435603-DBB4-11D2-8724-00A0C9A8B90C}") = "Setup1", "Setup1\Setup1.vdproj", "{9D4459EE-8A73-4E6B-ACC5-BAEFA2790CDA}"
EndProject
Global
	GlobalSection(SolutionConfigurationPlatforms) = preSolution
		Debug|Any CPU = Debug|Any CPU
		Release|Any CPU = Release|Any CPU
	EndGlobalSection
	GlobalSection(ProjectConfigurationPlatforms) = postSolution
		{12B6CFB0-EC5F-4A57-A2E4-250D836CAEF5}.Debug|Any CPU.ActiveCfg = Debug|Any CPU
		{12B6CFB0-EC5F-4A57-A2E4-250D836CAEF5}.Debug|Any CPU.Build.0 = Debug|Any CPU
		{12B6CFB0-EC5F-4A57-A2E4-250D836CAEF5}.Release|Any CPU.ActiveCfg = Release|Any CPU
		{12B6CFB0-EC5F-4A57-A2E4-250D836CAEF5}.Release|Any CPU.Build.0 = Release|Any CPU
		{9D4459EE-8A73-4E6B-ACC5-BAEFA2790CDA}.Debug|Any CPU.ActiveCfg = Debug
		{9D4459EE-8A73-4E6B-ACC5-BAEFA2790CDA}.Release|Any CPU.ActiveCfg = Release
	EndGlobalSection
	GlobalSection(SolutionProperties) = preSolution
		HideSolutionNode = FALSE
	EndGlobalSection
	GlobalSection(ExtensibilityGlobals) = postSolution
		SolutionGuid = {CDD720BD-AEA7-4B1C-BB85-46A1E7FE0C3E}
	EndGlobalSection
EndGlobal
